
Microsoft Visual Studio Solution File, Format Version 12.00
# Visual Studio Version 16
VisualStudioVersion = 16.0.29418.71
MinimumVisualStudioVersion = 10.0.40219.1
Project("{FAE04EC0-301F-11D3-BF4B-00C04F79EFBC}") = "ExtensionSugar.NetCore", "ExtensionSugar.NetCore\ExtensionSugar.NetCore.csproj", "{72410897-D9A5-4CBD-B6AC-8425654DCE8F}"
EndProject
Global
	GlobalSection(SolutionConfigurationPlatforms) = preSolution
		Debug|Any CPU = Debug|Any CPU
		Release|Any CPU = Release|Any CPU
	EndGlobalSection
	GlobalSection(ProjectConfigurationPlatforms) = postSolution
		{72410897-D9A5-4CBD-B6AC-8425654DCE8F}.Debug|Any CPU.ActiveCfg = Debug|Any CPU
		{72410897-D9A5-4CBD-B6AC-8425654DCE8F}.Debug|Any CPU.Build.0 = Debug|Any CPU
		{72410897-D9A5-4CBD-B6AC-8425654DCE8F}.Release|Any CPU.ActiveCfg = Release|Any CPU
		{72410897-D9A5-4CBD-B6AC-8425654DCE8F}.Release|Any CPU.Build.0 = Release|Any CPU
	EndGlobalSection
	GlobalSection(SolutionProperties) = preSolution
		HideSolutionNode = FALSE
	EndGlobalSection
	GlobalSection(ExtensibilityGlobals) = postSolution
		SolutionGuid = {93E5BD29-10A8-4CF6-9934-9CB70A738896}
	EndGlobalSection
EndGlobal
